// !$*UTF8*$!
{
	archiveVersion = 1;
	classes = {
	};
	objectVersion = 54;
	objects = {

/* Begin PBXBuildFile section */
		2F9839702DBBAFD100B6EF18 /* symbols_and_titles_en.json in Resources */ = {isa = PBXBuildFile; fileRef = 2F98396F2DBBAFD100B6EF18 /* symbols_and_titles_en.json */; };
		2F9839F02DBBB58300B6EF18 /* StockInfo.swift in Sources */ = {isa = PBXBuildFile; fileRef = 2F9839EF2DBBB58300B6EF18 /* StockInfo.swift */; };
		2FBB08832E6998B60030BB6A /* CalendarManager.swift in Sources */ = {isa = PBXBuildFile; fileRef = 2FBB08822E6998B60030BB6A /* CalendarManager.swift */; };
		2FBB08852E699C370030BB6A /* AppDelegate.swift in Sources */ = {isa = PBXBuildFile; fileRef = 2FBB08842E699C370030BB6A /* AppDelegate.swift */; };
		2FBB12CE2E6B08770030BB6A /* CompanyPickerView.swift in Sources */ = {isa = PBXBuildFile; fileRef = 2FBB12CD2E6B08770030BB6A /* CompanyPickerView.swift */; };
		2FBB12D02E6B0A690030BB6A /* SubscriptionRequest.swift in Sources */ = {isa = PBXBuildFile; fileRef = 2FBB12CF2E6B0A690030BB6A /* SubscriptionRequest.swift */; };
		2FBB12D42E6B29860030BB6A /* FavoriteCompany.swift in Sources */ = {isa = PBXBuildFile; fileRef = 2FBB12D32E6B29850030BB6A /* FavoriteCompany.swift */; };
		2FD089022DBA788F00B40BFD /* CompoundedMockResponse.json in Resources */ = {isa = PBXBuildFile; fileRef = 2FD089012DBA788F00B40BFD /* CompoundedMockResponse.json */; };
		2FD089432DBA797E00B40BFD /* Shimmer.swift in Sources */ = {isa = PBXBuildFile; fileRef = 2FD089422DBA797E00B40BFD /* Shimmer.swift */; };
		2FDE332D2E7F347A00B89420 /* CompanyPickerViewModel.swift in Sources */ = {isa = PBXBuildFile; fileRef = 2FDE332C2E7F347A00B89420 /* CompanyPickerViewModel.swift */; };
		2FDE332F2E7F349300B89420 /* CompanyResponse.swift in Sources */ = {isa = PBXBuildFile; fileRef = 2FDE332E2E7F349300B89420 /* CompanyResponse.swift */; };
		2FDE33312E7F35D700B89420 /* StyledDisclosureGroup.swift in Sources */ = {isa = PBXBuildFile; fileRef = 2FDE33302E7F35D700B89420 /* StyledDisclosureGroup.swift */; };
		2FDE33332E7F362B00B89420 /* CompanyAnnouncementCardView.swift in Sources */ = {isa = PBXBuildFile; fileRef = 2FDE33322E7F362B00B89420 /* CompanyAnnouncementCardView.swift */; };
		2FDE33352E7F364600B89420 /* CompanyAnnouncementTagView.swift in Sources */ = {isa = PBXBuildFile; fileRef = 2FDE33342E7F364600B89420 /* CompanyAnnouncementTagView.swift */; };
		2FDE33442E7F36A900B89420 /* ToastView.swift in Sources */ = {isa = PBXBuildFile; fileRef = 2FDE33432E7F36A900B89420 /* ToastView.swift */; };
		2FF01E802E8E9F49000F997D /* AnnouncementResponse.swift in Sources */ = {isa = PBXBuildFile; fileRef = 2FF01E7F2E8E9F49000F997D /* AnnouncementResponse.swift */; };
		2FF01E822E8EA16D000F997D /* AnnouncementDetailView.swift in Sources */ = {isa = PBXBuildFile; fileRef = 2FF01E812E8EA16C000F997D /* AnnouncementDetailView.swift */; };
		2FF01E842E8EA175000F997D /* AnnouncementDetailViewModel.swift in Sources */ = {isa = PBXBuildFile; fileRef = 2FF01E832E8EA175000F997D /* AnnouncementDetailViewModel.swift */; };
		2FFD5BE92DB28B2F00E85436 /* CompoundInterestView.swift in Sources */ = {isa = PBXBuildFile; fileRef = 2FFD5BE82DB28B2F00E85436 /* CompoundInterestView.swift */; };
		2FFD5BEB2DB28B4600E85436 /* CompoundInterestViewModel.swift in Sources */ = {isa = PBXBuildFile; fileRef = 2FFD5BEA2DB28B4600E85436 /* CompoundInterestViewModel.swift */; };
		2FFD5BED2DB28E2600E85436 /* CompoundedTabView.swift in Sources */ = {isa = PBXBuildFile; fileRef = 2FFD5BEC2DB28E2600E85436 /* CompoundedTabView.swift */; };
		2FFD5BF32DB3B27E00E85436 /* CompoundInterestResult.swift in Sources */ = {isa = PBXBuildFile; fileRef = 2FFD5BF22DB3B27E00E85436 /* CompoundInterestResult.swift */; };
		2FFD5BF52DB3B29300E85436 /* ChartEntry.swift in Sources */ = {isa = PBXBuildFile; fileRef = 2FFD5BF42DB3B29300E85436 /* ChartEntry.swift */; };
		2FFD5BF72DB4002000E85436 /* Dividends.swift in Sources */ = {isa = PBXBuildFile; fileRef = 2FFD5BF62DB4002000E85436 /* Dividends.swift */; };
		2FFD5BF92DB400AE00E85436 /* CalendarView.swift in Sources */ = {isa = PBXBuildFile; fileRef = 2FFD5BF82DB400AE00E85436 /* CalendarView.swift */; };
		2FFD5BFB2DB4010100E85436 /* CalendarViewModel.swift in Sources */ = {isa = PBXBuildFile; fileRef = 2FFD5BFA2DB4010100E85436 /* CalendarViewModel.swift */; };
		2FFD5BFD2DB4089700E85436 /* AsyncRoundedRectangleCompanyLogoView.swift in Sources */ = {isa = PBXBuildFile; fileRef = 2FFD5BFC2DB4089700E85436 /* AsyncRoundedRectangleCompanyLogoView.swift */; };
		319E32A526AB8760005C0920 /* CompoundedApp.swift in Sources */ = {isa = PBXBuildFile; fileRef = 319E32A426AB8760005C0920 /* CompoundedApp.swift */; };
		319E32A926AB8762005C0920 /* Assets.xcassets in Resources */ = {isa = PBXBuildFile; fileRef = 319E32A826AB8762005C0920 /* Assets.xcassets */; };
		319E32AC26AB8762005C0920 /* Preview Assets.xcassets in Resources */ = {isa = PBXBuildFile; fileRef = 319E32AB26AB8762005C0920 /* Preview Assets.xcassets */; };
		A00900032B407AE40061987A /* Utilities.swift in Sources */ = {isa = PBXBuildFile; fileRef = A00900022B407AE40061987A /* Utilities.swift */; };
		A00900052B407AFA0061987A /* SettingsView.swift in Sources */ = {isa = PBXBuildFile; fileRef = A00900042B407AFA0061987A /* SettingsView.swift */; };
		A0568C492B40865E0080B5F4 /* Localizable.xcstrings in Resources */ = {isa = PBXBuildFile; fileRef = A0568C482B40865E0080B5F4 /* Localizable.xcstrings */; };
/* End PBXBuildFile section */

/* Begin PBXFileReference section */
		2F98396F2DBBAFD100B6EF18 /* symbols_and_titles_en.json */ = {isa = PBXFileReference; lastKnownFileType = text.json; path = symbols_and_titles_en.json; sourceTree = "<group>"; };
		2F9839EF2DBBB58300B6EF18 /* StockInfo.swift */ = {isa = PBXFileReference; lastKnownFileType = sourcecode.swift; path = StockInfo.swift; sourceTree = "<group>"; };
		2FBB08822E6998B60030BB6A /* CalendarManager.swift */ = {isa = PBXFileReference; lastKnownFileType = sourcecode.swift; path = CalendarManager.swift; sourceTree = "<group>"; };
		2FBB08842E699C370030BB6A /* AppDelegate.swift */ = {isa = PBXFileReference; lastKnownFileType = sourcecode.swift; path = AppDelegate.swift; sourceTree = "<group>"; };
		2FBB12CC2E69A1A30030BB6A /* Compounded.entitlements */ = {isa = PBXFileReference; lastKnownFileType = text.plist.entitlements; path = Compounded.entitlements; sourceTree = "<group>"; };
		2FBB12CD2E6B08770030BB6A /* CompanyPickerView.swift */ = {isa = PBXFileReference; lastKnownFileType = sourcecode.swift; path = CompanyPickerView.swift; sourceTree = "<group>"; };
		2FBB12CF2E6B0A690030BB6A /* SubscriptionRequest.swift */ = {isa = PBXFileReference; lastKnownFileType = sourcecode.swift; path = SubscriptionRequest.swift; sourceTree = "<group>"; };
		2FBB12D32E6B29850030BB6A /* FavoriteCompany.swift */ = {isa = PBXFileReference; lastKnownFileType = sourcecode.swift; path = FavoriteCompany.swift; sourceTree = "<group>"; };
		2FD089012DBA788F00B40BFD /* CompoundedMockResponse.json */ = {isa = PBXFileReference; lastKnownFileType = text.json; path = CompoundedMockResponse.json; sourceTree = "<group>"; };
		2FD089422DBA797E00B40BFD /* Shimmer.swift */ = {isa = PBXFileReference; lastKnownFileType = sourcecode.swift; path = Shimmer.swift; sourceTree = "<group>"; };
		2FD089C22DE38DDB00B40BFD /* PrivacyInfo.xcprivacy */ = {isa = PBXFileReference; lastKnownFileType = text.xml; path = PrivacyInfo.xcprivacy; sourceTree = "<group>"; };
		2FDE332C2E7F347A00B89420 /* CompanyPickerViewModel.swift */ = {isa = PBXFileReference; lastKnownFileType = sourcecode.swift; path = CompanyPickerViewModel.swift; sourceTree = "<group>"; };
		2FDE332E2E7F349300B89420 /* CompanyResponse.swift */ = {isa = PBXFileReference; lastKnownFileType = sourcecode.swift; path = CompanyResponse.swift; sourceTree = "<group>"; };
		2FDE33302E7F35D700B89420 /* StyledDisclosureGroup.swift */ = {isa = PBXFileReference; lastKnownFileType = sourcecode.swift; path = StyledDisclosureGroup.swift; sourceTree = "<group>"; };
		2FDE33322E7F362B00B89420 /* CompanyAnnouncementCardView.swift */ = {isa = PBXFileReference; lastKnownFileType = sourcecode.swift; path = CompanyAnnouncementCardView.swift; sourceTree = "<group>"; };
		2FDE33342E7F364600B89420 /* CompanyAnnouncementTagView.swift */ = {isa = PBXFileReference; lastKnownFileType = sourcecode.swift; path = CompanyAnnouncementTagView.swift; sourceTree = "<group>"; };
		2FDE33432E7F36A900B89420 /* ToastView.swift */ = {isa = PBXFileReference; lastKnownFileType = sourcecode.swift; path = ToastView.swift; sourceTree = "<group>"; };
		2FF01E7F2E8E9F49000F997D /* AnnouncementResponse.swift */ = {isa = PBXFileReference; lastKnownFileType = sourcecode.swift; path = AnnouncementResponse.swift; sourceTree = "<group>"; };
		2FF01E812E8EA16C000F997D /* AnnouncementDetailView.swift */ = {isa = PBXFileReference; lastKnownFileType = sourcecode.swift; path = AnnouncementDetailView.swift; sourceTree = "<group>"; };
		2FF01E832E8EA175000F997D /* AnnouncementDetailViewModel.swift */ = {isa = PBXFileReference; lastKnownFileType = sourcecode.swift; path = AnnouncementDetailViewModel.swift; sourceTree = "<group>"; };
		2FFD5BE82DB28B2F00E85436 /* CompoundInterestView.swift */ = {isa = PBXFileReference; lastKnownFileType = sourcecode.swift; path = CompoundInterestView.swift; sourceTree = "<group>"; };
		2FFD5BEA2DB28B4600E85436 /* CompoundInterestViewModel.swift */ = {isa = PBXFileReference; lastKnownFileType = sourcecode.swift; path = CompoundInterestViewModel.swift; sourceTree = "<group>"; };
		2FFD5BEC2DB28E2600E85436 /* CompoundedTabView.swift */ = {isa = PBXFileReference; lastKnownFileType = sourcecode.swift; path = CompoundedTabView.swift; sourceTree = "<group>"; };
		2FFD5BF22DB3B27E00E85436 /* CompoundInterestResult.swift */ = {isa = PBXFileReference; lastKnownFileType = sourcecode.swift; path = CompoundInterestResult.swift; sourceTree = "<group>"; };
		2FFD5BF42DB3B29300E85436 /* ChartEntry.swift */ = {isa = PBXFileReference; lastKnownFileType = sourcecode.swift; path = ChartEntry.swift; sourceTree = "<group>"; };
		2FFD5BF62DB4002000E85436 /* Dividends.swift */ = {isa = PBXFileReference; lastKnownFileType = sourcecode.swift; path = Dividends.swift; sourceTree = "<group>"; };
		2FFD5BF82DB400AE00E85436 /* CalendarView.swift */ = {isa = PBXFileReference; lastKnownFileType = sourcecode.swift; path = CalendarView.swift; sourceTree = "<group>"; };
		2FFD5BFA2DB4010100E85436 /* CalendarViewModel.swift */ = {isa = PBXFileReference; lastKnownFileType = sourcecode.swift; path = CalendarViewModel.swift; sourceTree = "<group>"; };
		2FFD5BFC2DB4089700E85436 /* AsyncRoundedRectangleCompanyLogoView.swift */ = {isa = PBXFileReference; lastKnownFileType = sourcecode.swift; path = AsyncRoundedRectangleCompanyLogoView.swift; sourceTree = "<group>"; };
		319E32A126AB8760005C0920 /* Compounded.app */ = {isa = PBXFileReference; explicitFileType = wrapper.application; includeInIndex = 0; path = Compounded.app; sourceTree = BUILT_PRODUCTS_DIR; };
		319E32A426AB8760005C0920 /* CompoundedApp.swift */ = {isa = PBXFileReference; lastKnownFileType = sourcecode.swift; path = CompoundedApp.swift; sourceTree = "<group>"; };
		319E32A826AB8762005C0920 /* Assets.xcassets */ = {isa = PBXFileReference; lastKnownFileType = folder.assetcatalog; path = Assets.xcassets; sourceTree = "<group>"; };
		319E32AB26AB8762005C0920 /* Preview Assets.xcassets */ = {isa = PBXFileReference; lastKnownFileType = folder.assetcatalog; path = "Preview Assets.xcassets"; sourceTree = "<group>"; };
		319E32AD26AB8762005C0920 /* Info.plist */ = {isa = PBXFileReference; lastKnownFileType = text.plist.xml; path = Info.plist; sourceTree = "<group>"; };
		A00900022B407AE40061987A /* Utilities.swift */ = {isa = PBXFileReference; lastKnownFileType = sourcecode.swift; path = Utilities.swift; sourceTree = "<group>"; };
		A00900042B407AFA0061987A /* SettingsView.swift */ = {isa = PBXFileReference; lastKnownFileType = sourcecode.swift; path = SettingsView.swift; sourceTree = "<group>"; };
		A0568C482B40865E0080B5F4 /* Localizable.xcstrings */ = {isa = PBXFileReference; lastKnownFileType = text.json.xcstrings; path = Localizable.xcstrings; sourceTree = "<group>"; };
/* End PBXFileReference section */

/* Begin PBXFrameworksBuildPhase section */
		319E329E26AB8760005C0920 /* Frameworks */ = {
			isa = PBXFrameworksBuildPhase;
			buildActionMask = 2147483647;
			files = (
			);
			runOnlyForDeploymentPostprocessing = 0;
		};
/* End PBXFrameworksBuildPhase section */

/* Begin PBXGroup section */
		2FDE33452E7F3E7D00B89420 /* Screens */ = {
			isa = PBXGroup;
			children = (
				2FFD5BE82DB28B2F00E85436 /* CompoundInterestView.swift */,
				2FFD5BF82DB400AE00E85436 /* CalendarView.swift */,
				A00900042B407AFA0061987A /* SettingsView.swift */,
				2FBB12CD2E6B08770030BB6A /* CompanyPickerView.swift */,
			);
			path = Screens;
			sourceTree = "<group>";
		};
		2FFD5BEE2DB3B1EB00E85436 /* Views */ = {
			isa = PBXGroup;
			children = (
				2FF01E812E8EA16C000F997D /* AnnouncementDetailView.swift */,
				2FDE33432E7F36A900B89420 /* ToastView.swift */,
				2FDE33342E7F364600B89420 /* CompanyAnnouncementTagView.swift */,
				2FDE33322E7F362B00B89420 /* CompanyAnnouncementCardView.swift */,
				2FDE33452E7F3E7D00B89420 /* Screens */,
			);
			path = Views;
			sourceTree = "<group>";
		};
		2FFD5BEF2DB3B20900E85436 /* ViewModels */ = {
			isa = PBXGroup;
			children = (
				2FF01E832E8EA175000F997D /* AnnouncementDetailViewModel.swift */,
				2FDE332C2E7F347A00B89420 /* CompanyPickerViewModel.swift */,
				2FFD5BEA2DB28B4600E85436 /* CompoundInterestViewModel.swift */,
				2FFD5BFA2DB4010100E85436 /* CalendarViewModel.swift */,
				2F98396F2DBBAFD100B6EF18 /* symbols_and_titles_en.json */,
				2FD089012DBA788F00B40BFD /* CompoundedMockResponse.json */,
			);
			path = ViewModels;
			sourceTree = "<group>";
		};
		2FFD5BF02DB3B22900E85436 /* Helper */ = {
			isa = PBXGroup;
			children = (
				2FDE33302E7F35D700B89420 /* StyledDisclosureGroup.swift */,
				A00900022B407AE40061987A /* Utilities.swift */,
				2FFD5BFC2DB4089700E85436 /* AsyncRoundedRectangleCompanyLogoView.swift */,
				2FD089422DBA797E00B40BFD /* Shimmer.swift */,
				2FBB08822E6998B60030BB6A /* CalendarManager.swift */,
				2FBB08842E699C370030BB6A /* AppDelegate.swift */,
			);
			path = Helper;
			sourceTree = "<group>";
		};
		2FFD5BF12DB3B26A00E85436 /* Models */ = {
			isa = PBXGroup;
			children = (
				2FF01E7F2E8E9F49000F997D /* AnnouncementResponse.swift */,
				2FDE332E2E7F349300B89420 /* CompanyResponse.swift */,
				2FFD5BF22DB3B27E00E85436 /* CompoundInterestResult.swift */,
				2FFD5BF42DB3B29300E85436 /* ChartEntry.swift */,
				2FFD5BF62DB4002000E85436 /* Dividends.swift */,
				2F9839EF2DBBB58300B6EF18 /* StockInfo.swift */,
				2FBB12CF2E6B0A690030BB6A /* SubscriptionRequest.swift */,
				2FBB12D32E6B29850030BB6A /* FavoriteCompany.swift */,
			);
			path = Models;
			sourceTree = "<group>";
		};
		319E329826AB8760005C0920 = {
			isa = PBXGroup;
			children = (
				2FD089C22DE38DDB00B40BFD /* PrivacyInfo.xcprivacy */,
				319E32A326AB8760005C0920 /* Compounded */,
				319E32A226AB8760005C0920 /* Products */,
			);
			sourceTree = "<group>";
		};
		319E32A226AB8760005C0920 /* Products */ = {
			isa = PBXGroup;
			children = (
				319E32A126AB8760005C0920 /* Compounded.app */,
			);
			name = Products;
			sourceTree = "<group>";
		};
		319E32A326AB8760005C0920 /* Compounded */ = {
			isa = PBXGroup;
			children = (
				2FBB12CC2E69A1A30030BB6A /* Compounded.entitlements */,
				319E32A426AB8760005C0920 /* CompoundedApp.swift */,
				2FFD5BEC2DB28E2600E85436 /* CompoundedTabView.swift */,
				319E32AA26AB8762005C0920 /* Preview Content */,
				319E32A826AB8762005C0920 /* Assets.xcassets */,
				319E32AD26AB8762005C0920 /* Info.plist */,
				A0568C482B40865E0080B5F4 /* Localizable.xcstrings */,
				2FFD5BF12DB3B26A00E85436 /* Models */,
				2FFD5BEE2DB3B1EB00E85436 /* Views */,
				2FFD5BEF2DB3B20900E85436 /* ViewModels */,
				2FFD5BF02DB3B22900E85436 /* Helper */,
			);
			path = Compounded;
			sourceTree = "<group>";
		};
		319E32AA26AB8762005C0920 /* Preview Content */ = {
			isa = PBXGroup;
			children = (
				319E32AB26AB8762005C0920 /* Preview Assets.xcassets */,
			);
			path = "Preview Content";
			sourceTree = "<group>";
		};
/* End PBXGroup section */

/* Begin PBXNativeTarget section */
		319E32A026AB8760005C0920 /* Compounded */ = {
			isa = PBXNativeTarget;
			buildConfigurationList = 319E32B026AB8762005C0920 /* Build configuration list for PBXNativeTarget "Compounded" */;
			buildPhases = (
				319E329D26AB8760005C0920 /* Sources */,
				319E329E26AB8760005C0920 /* Frameworks */,
				319E329F26AB8760005C0920 /* Resources */,
			);
			buildRules = (
			);
			dependencies = (
			);
			name = Compounded;
			packageProductDependencies = (
			);
			productName = Compounded;
			productReference = 319E32A126AB8760005C0920 /* Compounded.app */;
			productType = "com.apple.product-type.application";
		};
/* End PBXNativeTarget section */

/* Begin PBXProject section */
		319E329926AB8760005C0920 /* Project object */ = {
			isa = PBXProject;
			attributes = {
				BuildIndependentTargetsInParallel = YES;
				LastSwiftUpdateCheck = 1250;
				LastUpgradeCheck = 2600;
				TargetAttributes = {
					319E32A026AB8760005C0920 = {
						CreatedOnToolsVersion = 12.5.1;
					};
				};
			};
			buildConfigurationList = 319E329C26AB8760005C0920 /* Build configuration list for PBXProject "Compounded" */;
			compatibilityVersion = "Xcode 9.3";
			developmentRegion = en;
			hasScannedForEncodings = 0;
			knownRegions = (
				en,
				Base,
				ar,
			);
			mainGroup = 319E329826AB8760005C0920;
			packageReferences = (
			);
			productRefGroup = 319E32A226AB8760005C0920 /* Products */;
			projectDirPath = "";
			projectRoot = "";
			targets = (
				319E32A026AB8760005C0920 /* Compounded */,
			);
		};
/* End PBXProject section */

/* Begin PBXResourcesBuildPhase section */
		319E329F26AB8760005C0920 /* Resources */ = {
			isa = PBXResourcesBuildPhase;
			buildActionMask = 2147483647;
			files = (
				319E32AC26AB8762005C0920 /* Preview Assets.xcassets in Resources */,
				A0568C492B40865E0080B5F4 /* Localizable.xcstrings in Resources */,
				2FD089022DBA788F00B40BFD /* CompoundedMockResponse.json in Resources */,
				319E32A926AB8762005C0920 /* Assets.xcassets in Resources */,
				2F9839702DBBAFD100B6EF18 /* symbols_and_titles_en.json in Resources */,
			);
			runOnlyForDeploymentPostprocessing = 0;
		};
/* End PBXResourcesBuildPhase section */

/* Begin PBXSourcesBuildPhase section */
		319E329D26AB8760005C0920 /* Sources */ = {
			isa = PBXSourcesBuildPhase;
			buildActionMask = 2147483647;
			files = (
				2FDE33352E7F364600B89420 /* CompanyAnnouncementTagView.swift in Sources */,
				2FFD5BF92DB400AE00E85436 /* CalendarView.swift in Sources */,
				2FF01E842E8EA175000F997D /* AnnouncementDetailViewModel.swift in Sources */,
				A00900032B407AE40061987A /* Utilities.swift in Sources */,
				2F9839F02DBBB58300B6EF18 /* StockInfo.swift in Sources */,
				2FD089432DBA797E00B40BFD /* Shimmer.swift in Sources */,
				2FDE332D2E7F347A00B89420 /* CompanyPickerViewModel.swift in Sources */,
				2FFD5BF72DB4002000E85436 /* Dividends.swift in Sources */,
				2FFD5BF32DB3B27E00E85436 /* CompoundInterestResult.swift in Sources */,
				A00900052B407AFA0061987A /* SettingsView.swift in Sources */,
				2FF01E822E8EA16D000F997D /* AnnouncementDetailView.swift in Sources */,
				2FF01E802E8E9F49000F997D /* AnnouncementResponse.swift in Sources */,
				2FFD5BE92DB28B2F00E85436 /* CompoundInterestView.swift in Sources */,
				2FBB12CE2E6B08770030BB6A /* CompanyPickerView.swift in Sources */,
				2FBB08852E699C370030BB6A /* AppDelegate.swift in Sources */,
				2FFD5BFD2DB4089700E85436 /* AsyncRoundedRectangleCompanyLogoView.swift in Sources */,
				2FBB08832E6998B60030BB6A /* CalendarManager.swift in Sources */,
				2FDE33442E7F36A900B89420 /* ToastView.swift in Sources */,
				319E32A526AB8760005C0920 /* CompoundedApp.swift in Sources */,
				2FBB12D42E6B29860030BB6A /* FavoriteCompany.swift in Sources */,
				2FFD5BED2DB28E2600E85436 /* CompoundedTabView.swift in Sources */,
				2FFD5BEB2DB28B4600E85436 /* CompoundInterestViewModel.swift in Sources */,
				2FDE332F2E7F349300B89420 /* CompanyResponse.swift in Sources */,
				2FFD5BFB2DB4010100E85436 /* CalendarViewModel.swift in Sources */,
				2FDE33312E7F35D700B89420 /* StyledDisclosureGroup.swift in Sources */,
				2FBB12D02E6B0A690030BB6A /* SubscriptionRequest.swift in Sources */,
				2FFD5BF52DB3B29300E85436 /* ChartEntry.swift in Sources */,
				2FDE33332E7F362B00B89420 /* CompanyAnnouncementCardView.swift in Sources */,
			);
			runOnlyForDeploymentPostprocessing = 0;
		};
/* End PBXSourcesBuildPhase section */

/* Begin XCBuildConfiguration section */
		319E32AE26AB8762005C0920 /* Debug */ = {
			isa = XCBuildConfiguration;
			buildSettings = {
				ALWAYS_SEARCH_USER_PATHS = NO;
				CLANG_ANALYZER_LOCALIZABILITY_NONLOCALIZED = YES;
				CLANG_ANALYZER_NONNULL = YES;
				CLANG_ANALYZER_NUMBER_OBJECT_CONVERSION = YES_AGGRESSIVE;
				CLANG_CXX_LANGUAGE_STANDARD = "gnu++14";
				CLANG_CXX_LIBRARY = "libc++";
				CLANG_ENABLE_MODULES = YES;
				CLANG_ENABLE_OBJC_ARC = YES;
				CLANG_ENABLE_OBJC_WEAK = YES;
				CLANG_WARN_BLOCK_CAPTURE_AUTORELEASING = YES;
				CLANG_WARN_BOOL_CONVERSION = YES;
				CLANG_WARN_COMMA = YES;
				CLANG_WARN_CONSTANT_CONVERSION = YES;
				CLANG_WARN_DEPRECATED_OBJC_IMPLEMENTATIONS = YES;
				CLANG_WARN_DIRECT_OBJC_ISA_USAGE = YES_ERROR;
				CLANG_WARN_DOCUMENTATION_COMMENTS = YES;
				CLANG_WARN_EMPTY_BODY = YES;
				CLANG_WARN_ENUM_CONVERSION = YES;
				CLANG_WARN_INFINITE_RECURSION = YES;
				CLANG_WARN_INT_CONVERSION = YES;
				CLANG_WARN_NON_LITERAL_NULL_CONVERSION = YES;
				CLANG_WARN_OBJC_IMPLICIT_RETAIN_SELF = YES;
				CLANG_WARN_OBJC_LITERAL_CONVERSION = YES;
				CLANG_WARN_OBJC_ROOT_CLASS = YES_ERROR;
				CLANG_WARN_QUOTED_INCLUDE_IN_FRAMEWORK_HEADER = YES;
				CLANG_WARN_RANGE_LOOP_ANALYSIS = YES;
				CLANG_WARN_STRICT_PROTOTYPES = YES;
				CLANG_WARN_SUSPICIOUS_MOVE = YES;
				CLANG_WARN_UNGUARDED_AVAILABILITY = YES_AGGRESSIVE;
				CLANG_WARN_UNREACHABLE_CODE = YES;
				CLANG_WARN__DUPLICATE_METHOD_MATCH = YES;
				COPY_PHASE_STRIP = NO;
				DEBUG_INFORMATION_FORMAT = dwarf;
				DEVELOPMENT_TEAM = 6ADLC37UA5;
				ENABLE_STRICT_OBJC_MSGSEND = YES;
				ENABLE_TESTABILITY = YES;
				ENABLE_USER_SCRIPT_SANDBOXING = YES;
				GCC_C_LANGUAGE_STANDARD = gnu11;
				GCC_DYNAMIC_NO_PIC = NO;
				GCC_NO_COMMON_BLOCKS = YES;
				GCC_OPTIMIZATION_LEVEL = 0;
				GCC_PREPROCESSOR_DEFINITIONS = (
					"DEBUG=1",
					"$(inherited)",
				);
				GCC_WARN_64_TO_32_BIT_CONVERSION = YES;
				GCC_WARN_ABOUT_RETURN_TYPE = YES_ERROR;
				GCC_WARN_UNDECLARED_SELECTOR = YES;
				GCC_WARN_UNINITIALIZED_AUTOS = YES_AGGRESSIVE;
				GCC_WARN_UNUSED_FUNCTION = YES;
				GCC_WARN_UNUSED_VARIABLE = YES;
				IPHONEOS_DEPLOYMENT_TARGET = 16.0;
				LOCALIZATION_PREFERS_STRING_CATALOGS = YES;
				MTL_ENABLE_DEBUG_INFO = INCLUDE_SOURCE;
				MTL_FAST_MATH = YES;
				ONLY_ACTIVE_ARCH = YES;
				SDKROOT = iphoneos;
				STRING_CATALOG_GENERATE_SYMBOLS = YES;
				SWIFT_ACTIVE_COMPILATION_CONDITIONS = DEBUG;
				SWIFT_OPTIMIZATION_LEVEL = "-Onone";
			};
			name = Debug;
		};
		319E32AF26AB8762005C0920 /* Release */ = {
			isa = XCBuildConfiguration;
			buildSettings = {
				ALWAYS_SEARCH_USER_PATHS = NO;
				CLANG_ANALYZER_LOCALIZABILITY_NONLOCALIZED = YES;
				CLANG_ANALYZER_NONNULL = YES;
				CLANG_ANALYZER_NUMBER_OBJECT_CONVERSION = YES_AGGRESSIVE;
				CLANG_CXX_LANGUAGE_STANDARD = "gnu++14";
				CLANG_CXX_LIBRARY = "libc++";
				CLANG_ENABLE_MODULES = YES;
				CLANG_ENABLE_OBJC_ARC = YES;
				CLANG_ENABLE_OBJC_WEAK = YES;
				CLANG_WARN_BLOCK_CAPTURE_AUTORELEASING = YES;
				CLANG_WARN_BOOL_CONVERSION = YES;
				CLANG_WARN_COMMA = YES;
				CLANG_WARN_CONSTANT_CONVERSION = YES;
				CLANG_WARN_DEPRECATED_OBJC_IMPLEMENTATIONS = YES;
				CLANG_WARN_DIRECT_OBJC_ISA_USAGE = YES_ERROR;
				CLANG_WARN_DOCUMENTATION_COMMENTS = YES;
				CLANG_WARN_EMPTY_BODY = YES;
				CLANG_WARN_ENUM_CONVERSION = YES;
				CLANG_WARN_INFINITE_RECURSION = YES;
				CLANG_WARN_INT_CONVERSION = YES;
				CLANG_WARN_NON_LITERAL_NULL_CONVERSION = YES;
				CLANG_WARN_OBJC_IMPLICIT_RETAIN_SELF = YES;
				CLANG_WARN_OBJC_LITERAL_CONVERSION = YES;
				CLANG_WARN_OBJC_ROOT_CLASS = YES_ERROR;
				CLANG_WARN_QUOTED_INCLUDE_IN_FRAMEWORK_HEADER = YES;
				CLANG_WARN_RANGE_LOOP_ANALYSIS = YES;
				CLANG_WARN_STRICT_PROTOTYPES = YES;
				CLANG_WARN_SUSPICIOUS_MOVE = YES;
				CLANG_WARN_UNGUARDED_AVAILABILITY = YES_AGGRESSIVE;
				CLANG_WARN_UNREACHABLE_CODE = YES;
				CLANG_WARN__DUPLICATE_METHOD_MATCH = YES;
				COPY_PHASE_STRIP = NO;
				DEBUG_INFORMATION_FORMAT = "dwarf-with-dsym";
				DEVELOPMENT_TEAM = 6ADLC37UA5;
				ENABLE_NS_ASSERTIONS = NO;
				ENABLE_STRICT_OBJC_MSGSEND = YES;
				ENABLE_USER_SCRIPT_SANDBOXING = YES;
				GCC_C_LANGUAGE_STANDARD = gnu11;
				GCC_NO_COMMON_BLOCKS = YES;
				GCC_WARN_64_TO_32_BIT_CONVERSION = YES;
				GCC_WARN_ABOUT_RETURN_TYPE = YES_ERROR;
				GCC_WARN_UNDECLARED_SELECTOR = YES;
				GCC_WARN_UNINITIALIZED_AUTOS = YES_AGGRESSIVE;
				GCC_WARN_UNUSED_FUNCTION = YES;
				GCC_WARN_UNUSED_VARIABLE = YES;
				IPHONEOS_DEPLOYMENT_TARGET = 16.0;
				LOCALIZATION_PREFERS_STRING_CATALOGS = YES;
				MTL_ENABLE_DEBUG_INFO = NO;
				MTL_FAST_MATH = YES;
				SDKROOT = iphoneos;
				STRING_CATALOG_GENERATE_SYMBOLS = YES;
				SWIFT_COMPILATION_MODE = wholemodule;
				SWIFT_OPTIMIZATION_LEVEL = "-O";
				VALIDATE_PRODUCT = YES;
			};
			name = Release;
		};
		319E32B126AB8762005C0920 /* Debug */ = {
			isa = XCBuildConfiguration;
			buildSettings = {
				ASSETCATALOG_COMPILER_APPICON_NAME = AppIcon;
				ASSETCATALOG_COMPILER_GLOBAL_ACCENT_COLOR_NAME = AccentColor;
				CODE_SIGN_ENTITLEMENTS = Compounded/Compounded.entitlements;
				CODE_SIGN_STYLE = Automatic;
				DEAD_CODE_STRIPPING = YES;
				DEVELOPMENT_ASSET_PATHS = "\"Compounded/Preview Content\"";
				ENABLE_PREVIEWS = YES;
				INFOPLIST_FILE = Compounded/Info.plist;
				IPHONEOS_DEPLOYMENT_TARGET = 17.6;
				LD_RUNPATH_SEARCH_PATHS = (
					"$(inherited)",
					"@executable_path/Frameworks",
				);
				MARKETING_VERSION = 3.0.3;
				PRODUCT_BUNDLE_IDENTIFIER = com.LulwahAlmisfer.Compounded;
				PRODUCT_NAME = "$(TARGET_NAME)";
				SUPPORTED_PLATFORMS = "iphoneos iphonesimulator";
				SUPPORTS_MACCATALYST = NO;
				SUPPORTS_MAC_DESIGNED_FOR_IPHONE_IPAD = NO;
				SUPPORTS_XR_DESIGNED_FOR_IPHONE_IPAD = NO;
				SWIFT_EMIT_LOC_STRINGS = YES;
				SWIFT_VERSION = 5.0;
				TARGETED_DEVICE_FAMILY = 1;
			};
			name = Debug;
		};
		319E32B226AB8762005C0920 /* Release */ = {
			isa = XCBuildConfiguration;
			buildSettings = {
				ASSETCATALOG_COMPILER_APPICON_NAME = AppIcon;
				ASSETCATALOG_COMPILER_GLOBAL_ACCENT_COLOR_NAME = AccentColor;
				CODE_SIGN_ENTITLEMENTS = Compounded/Compounded.entitlements;
				CODE_SIGN_STYLE = Automatic;
				DEAD_CODE_STRIPPING = YES;
				DEVELOPMENT_ASSET_PATHS = "\"Compounded/Preview Content\"";
				ENABLE_PREVIEWS = YES;
				INFOPLIST_FILE = Compounded/Info.plist;
				IPHONEOS_DEPLOYMENT_TARGET = 17.6;
				LD_RUNPATH_SEARCH_PATHS = (
					"$(inherited)",
					"@executable_path/Frameworks",
				);
				MARKETING_VERSION = 3.0.3;
				PRODUCT_BUNDLE_IDENTIFIER = com.LulwahAlmisfer.Compounded;
				PRODUCT_NAME = "$(TARGET_NAME)";
				SUPPORTED_PLATFORMS = "iphoneos iphonesimulator";
				SUPPORTS_MACCATALYST = NO;
				SUPPORTS_MAC_DESIGNED_FOR_IPHONE_IPAD = NO;
				SUPPORTS_XR_DESIGNED_FOR_IPHONE_IPAD = NO;
				SWIFT_EMIT_LOC_STRINGS = YES;
				SWIFT_VERSION = 5.0;
				TARGETED_DEVICE_FAMILY = 1;
			};
			name = Release;
		};
/* End XCBuildConfiguration section */

/* Begin XCConfigurationList section */
		319E329C26AB8760005C0920 /* Build configuration list for PBXProject "Compounded" */ = {
			isa = XCConfigurationList;
			buildConfigurations = (
				319E32AE26AB8762005C0920 /* Debug */,
				319E32AF26AB8762005C0920 /* Release */,
			);
			defaultConfigurationIsVisible = 0;
			defaultConfigurationName = Release;
		};
		319E32B026AB8762005C0920 /* Build configuration list for PBXNativeTarget "Compounded" */ = {
			isa = XCConfigurationList;
			buildConfigurations = (
				319E32B126AB8762005C0920 /* Debug */,
				319E32B226AB8762005C0920 /* Release */,
			);
			defaultConfigurationIsVisible = 0;
			defaultConfigurationName = Release;
		};
/* End XCConfigurationList section */
	};
	rootObject = 319E329926AB8760005C0920 /* Project object */;
}
