// !$*UTF8*$!
{
	archiveVersion = 1;
	classes = {
	};
	objectVersion = 52;
	objects = {

/* Begin PBXBuildFile section */
		317CBC3426E2477300F48443 /* steps.swift in Sources */ = {isa = PBXBuildFile; fileRef = 317CBC3326E2477300F48443 /* steps.swift */; };
		319E32A526AB8760005C0920 /* CompoundedApp.swift in Sources */ = {isa = PBXBuildFile; fileRef = 319E32A426AB8760005C0920 /* CompoundedApp.swift */; };
		319E32A726AB8760005C0920 /* ContentView.swift in Sources */ = {isa = PBXBuildFile; fileRef = 319E32A626AB8760005C0920 /* ContentView.swift */; };
		319E32A926AB8762005C0920 /* Assets.xcassets in Resources */ = {isa = PBXBuildFile; fileRef = 319E32A826AB8762005C0920 /* Assets.xcassets */; };
		319E32AC26AB8762005C0920 /* Preview Assets.xcassets in Resources */ = {isa = PBXBuildFile; fileRef = 319E32AB26AB8762005C0920 /* Preview Assets.xcassets */; };
		31A830B926DCFEBD00D66363 /* blur.swift in Sources */ = {isa = PBXBuildFile; fileRef = 31A830B826DCFEBD00D66363 /* blur.swift */; };
		31B7752F26DBFED200DC41CF /* Lottie in Frameworks */ = {isa = PBXBuildFile; productRef = 31B7752E26DBFED200DC41CF /* Lottie */; };
		31B7753126DBFF0500DC41CF /* SwiftUIView.swift in Sources */ = {isa = PBXBuildFile; fileRef = 31B7753026DBFF0500DC41CF /* SwiftUIView.swift */; };
		31B7753326DBFF4300DC41CF /* 39380-ag-money.json in Resources */ = {isa = PBXBuildFile; fileRef = 31B7753226DBFF4300DC41CF /* 39380-ag-money.json */; };
		31BE3A4526DFD51D00636EB3 /* onBoardingView.swift in Sources */ = {isa = PBXBuildFile; fileRef = 31BE3A4426DFD51D00636EB3 /* onBoardingView.swift */; };
		31BE3A4726DFD77E00636EB3 /* 8943-money-greenbg.json in Resources */ = {isa = PBXBuildFile; fileRef = 31BE3A4626DFD77E00636EB3 /* 8943-money-greenbg.json */; };
/* End PBXBuildFile section */

/* Begin PBXFileReference section */
		317CBC3326E2477300F48443 /* steps.swift */ = {isa = PBXFileReference; lastKnownFileType = sourcecode.swift; path = steps.swift; sourceTree = "<group>"; };
		319E32A126AB8760005C0920 /* Compounded.app */ = {isa = PBXFileReference; explicitFileType = wrapper.application; includeInIndex = 0; path = Compounded.app; sourceTree = BUILT_PRODUCTS_DIR; };
		319E32A426AB8760005C0920 /* CompoundedApp.swift */ = {isa = PBXFileReference; lastKnownFileType = sourcecode.swift; path = CompoundedApp.swift; sourceTree = "<group>"; };
		319E32A626AB8760005C0920 /* ContentView.swift */ = {isa = PBXFileReference; lastKnownFileType = sourcecode.swift; path = ContentView.swift; sourceTree = "<group>"; };
		319E32A826AB8762005C0920 /* Assets.xcassets */ = {isa = PBXFileReference; lastKnownFileType = folder.assetcatalog; path = Assets.xcassets; sourceTree = "<group>"; };
		319E32AB26AB8762005C0920 /* Preview Assets.xcassets */ = {isa = PBXFileReference; lastKnownFileType = folder.assetcatalog; path = "Preview Assets.xcassets"; sourceTree = "<group>"; };
		319E32AD26AB8762005C0920 /* Info.plist */ = {isa = PBXFileReference; lastKnownFileType = text.plist.xml; path = Info.plist; sourceTree = "<group>"; };
		31A830B826DCFEBD00D66363 /* blur.swift */ = {isa = PBXFileReference; fileEncoding = 4; lastKnownFileType = sourcecode.swift; path = blur.swift; sourceTree = "<group>"; };
		31B7753026DBFF0500DC41CF /* SwiftUIView.swift */ = {isa = PBXFileReference; fileEncoding = 4; lastKnownFileType = sourcecode.swift; path = SwiftUIView.swift; sourceTree = "<group>"; };
		31B7753226DBFF4300DC41CF /* 39380-ag-money.json */ = {isa = PBXFileReference; fileEncoding = 4; lastKnownFileType = text.json; path = "39380-ag-money.json"; sourceTree = "<group>"; };
		31BE3A4426DFD51D00636EB3 /* onBoardingView.swift */ = {isa = PBXFileReference; lastKnownFileType = sourcecode.swift; path = onBoardingView.swift; sourceTree = "<group>"; };
		31BE3A4626DFD77E00636EB3 /* 8943-money-greenbg.json */ = {isa = PBXFileReference; fileEncoding = 4; lastKnownFileType = text.json; path = "8943-money-greenbg.json"; sourceTree = "<group>"; };
/* End PBXFileReference section */

/* Begin PBXFrameworksBuildPhase section */
		319E329E26AB8760005C0920 /* Frameworks */ = {
			isa = PBXFrameworksBuildPhase;
			buildActionMask = 2147483647;
			files = (
				31B7752F26DBFED200DC41CF /* Lottie in Frameworks */,
			);
			runOnlyForDeploymentPostprocessing = 0;
		};
/* End PBXFrameworksBuildPhase section */

/* Begin PBXGroup section */
		319E329826AB8760005C0920 = {
			isa = PBXGroup;
			children = (
				319E32A326AB8760005C0920 /* Compounded */,
				319E32A226AB8760005C0920 /* Products */,
			);
			sourceTree = "<group>";
		};
		319E32A226AB8760005C0920 /* Products */ = {
			isa = PBXGroup;
			children = (
				319E32A126AB8760005C0920 /* Compounded.app */,
			);
			name = Products;
			sourceTree = "<group>";
		};
		319E32A326AB8760005C0920 /* Compounded */ = {
			isa = PBXGroup;
			children = (
				319E32A426AB8760005C0920 /* CompoundedApp.swift */,
				319E32A626AB8760005C0920 /* ContentView.swift */,
				31BE3A4426DFD51D00636EB3 /* onBoardingView.swift */,
				317CBC3326E2477300F48443 /* steps.swift */,
				31B7753026DBFF0500DC41CF /* SwiftUIView.swift */,
				31B7753226DBFF4300DC41CF /* 39380-ag-money.json */,
				31BE3A4626DFD77E00636EB3 /* 8943-money-greenbg.json */,
				31A830B826DCFEBD00D66363 /* blur.swift */,
				319E32A826AB8762005C0920 /* Assets.xcassets */,
				319E32AD26AB8762005C0920 /* Info.plist */,
				319E32AA26AB8762005C0920 /* Preview Content */,
			);
			path = Compounded;
			sourceTree = "<group>";
		};
		319E32AA26AB8762005C0920 /* Preview Content */ = {
			isa = PBXGroup;
			children = (
				319E32AB26AB8762005C0920 /* Preview Assets.xcassets */,
			);
			path = "Preview Content";
			sourceTree = "<group>";
		};
/* End PBXGroup section */

/* Begin PBXNativeTarget section */
		319E32A026AB8760005C0920 /* Compounded */ = {
			isa = PBXNativeTarget;
			buildConfigurationList = 319E32B026AB8762005C0920 /* Build configuration list for PBXNativeTarget "Compounded" */;
			buildPhases = (
				319E329D26AB8760005C0920 /* Sources */,
				319E329E26AB8760005C0920 /* Frameworks */,
				319E329F26AB8760005C0920 /* Resources */,
			);
			buildRules = (
			);
			dependencies = (
			);
			name = Compounded;
			packageProductDependencies = (
				31B7752E26DBFED200DC41CF /* Lottie */,
			);
			productName = Compounded;
			productReference = 319E32A126AB8760005C0920 /* Compounded.app */;
			productType = "com.apple.product-type.application";
		};
/* End PBXNativeTarget section */

/* Begin PBXProject section */
		319E329926AB8760005C0920 /* Project object */ = {
			isa = PBXProject;
			attributes = {
				LastSwiftUpdateCheck = 1250;
				LastUpgradeCheck = 1250;
				TargetAttributes = {
					319E32A026AB8760005C0920 = {
						CreatedOnToolsVersion = 12.5.1;
					};
				};
			};
			buildConfigurationList = 319E329C26AB8760005C0920 /* Build configuration list for PBXProject "Compounded" */;
			compatibilityVersion = "Xcode 9.3";
			developmentRegion = en;
			hasScannedForEncodings = 0;
			knownRegions = (
				en,
				Base,
			);
			mainGroup = 319E329826AB8760005C0920;
			packageReferences = (
				31B7752D26DBFED200DC41CF /* XCRemoteSwiftPackageReference "lottie-ios" */,
			);
			productRefGroup = 319E32A226AB8760005C0920 /* Products */;
			projectDirPath = "";
			projectRoot = "";
			targets = (
				319E32A026AB8760005C0920 /* Compounded */,
			);
		};
/* End PBXProject section */

/* Begin PBXResourcesBuildPhase section */
		319E329F26AB8760005C0920 /* Resources */ = {
			isa = PBXResourcesBuildPhase;
			buildActionMask = 2147483647;
			files = (
				31B7753326DBFF4300DC41CF /* 39380-ag-money.json in Resources */,
				319E32AC26AB8762005C0920 /* Preview Assets.xcassets in Resources */,
				319E32A926AB8762005C0920 /* Assets.xcassets in Resources */,
				31BE3A4726DFD77E00636EB3 /* 8943-money-greenbg.json in Resources */,
			);
			runOnlyForDeploymentPostprocessing = 0;
		};
/* End PBXResourcesBuildPhase section */

/* Begin PBXSourcesBuildPhase section */
		319E329D26AB8760005C0920 /* Sources */ = {
			isa = PBXSourcesBuildPhase;
			buildActionMask = 2147483647;
			files = (
				319E32A726AB8760005C0920 /* ContentView.swift in Sources */,
				319E32A526AB8760005C0920 /* CompoundedApp.swift in Sources */,
				31A830B926DCFEBD00D66363 /* blur.swift in Sources */,
				317CBC3426E2477300F48443 /* steps.swift in Sources */,
				31BE3A4526DFD51D00636EB3 /* onBoardingView.swift in Sources */,
				31B7753126DBFF0500DC41CF /* SwiftUIView.swift in Sources */,
			);
			runOnlyForDeploymentPostprocessing = 0;
		};
/* End PBXSourcesBuildPhase section */

/* Begin XCBuildConfiguration section */
		319E32AE26AB8762005C0920 /* Debug */ = {
			isa = XCBuildConfiguration;
			buildSettings = {
				ALWAYS_SEARCH_USER_PATHS = NO;
				CLANG_ANALYZER_NONNULL = YES;
				CLANG_ANALYZER_NUMBER_OBJECT_CONVERSION = YES_AGGRESSIVE;
				CLANG_CXX_LANGUAGE_STANDARD = "gnu++14";
				CLANG_CXX_LIBRARY = "libc++";
				CLANG_ENABLE_MODULES = YES;
				CLANG_ENABLE_OBJC_ARC = YES;
				CLANG_ENABLE_OBJC_WEAK = YES;
				CLANG_WARN_BLOCK_CAPTURE_AUTORELEASING = YES;
				CLANG_WARN_BOOL_CONVERSION = YES;
				CLANG_WARN_COMMA = YES;
				CLANG_WARN_CONSTANT_CONVERSION = YES;
				CLANG_WARN_DEPRECATED_OBJC_IMPLEMENTATIONS = YES;
				CLANG_WARN_DIRECT_OBJC_ISA_USAGE = YES_ERROR;
				CLANG_WARN_DOCUMENTATION_COMMENTS = YES;
				CLANG_WARN_EMPTY_BODY = YES;
				CLANG_WARN_ENUM_CONVERSION = YES;
				CLANG_WARN_INFINITE_RECURSION = YES;
				CLANG_WARN_INT_CONVERSION = YES;
				CLANG_WARN_NON_LITERAL_NULL_CONVERSION = YES;
				CLANG_WARN_OBJC_IMPLICIT_RETAIN_SELF = YES;
				CLANG_WARN_OBJC_LITERAL_CONVERSION = YES;
				CLANG_WARN_OBJC_ROOT_CLASS = YES_ERROR;
				CLANG_WARN_QUOTED_INCLUDE_IN_FRAMEWORK_HEADER = YES;
				CLANG_WARN_RANGE_LOOP_ANALYSIS = YES;
				CLANG_WARN_STRICT_PROTOTYPES = YES;
				CLANG_WARN_SUSPICIOUS_MOVE = YES;
				CLANG_WARN_UNGUARDED_AVAILABILITY = YES_AGGRESSIVE;
				CLANG_WARN_UNREACHABLE_CODE = YES;
				CLANG_WARN__DUPLICATE_METHOD_MATCH = YES;
				COPY_PHASE_STRIP = NO;
				DEAD_CODE_STRIPPING = NO;
				DEBUG_INFORMATION_FORMAT = dwarf;
				ENABLE_STRICT_OBJC_MSGSEND = YES;
				ENABLE_TESTABILITY = YES;
				GCC_C_LANGUAGE_STANDARD = gnu11;
				GCC_DYNAMIC_NO_PIC = NO;
				GCC_NO_COMMON_BLOCKS = YES;
				GCC_OPTIMIZATION_LEVEL = 0;
				GCC_PREPROCESSOR_DEFINITIONS = (
					"DEBUG=1",
					"$(inherited)",
				);
				GCC_WARN_64_TO_32_BIT_CONVERSION = YES;
				GCC_WARN_ABOUT_RETURN_TYPE = YES_ERROR;
				GCC_WARN_UNDECLARED_SELECTOR = YES;
				GCC_WARN_UNINITIALIZED_AUTOS = YES_AGGRESSIVE;
				GCC_WARN_UNUSED_FUNCTION = YES;
				GCC_WARN_UNUSED_VARIABLE = YES;
				IPHONEOS_DEPLOYMENT_TARGET = 14.5;
				MTL_ENABLE_DEBUG_INFO = INCLUDE_SOURCE;
				MTL_FAST_MATH = YES;
				ONLY_ACTIVE_ARCH = YES;
				SDKROOT = iphoneos;
				SWIFT_ACTIVE_COMPILATION_CONDITIONS = DEBUG;
				SWIFT_OPTIMIZATION_LEVEL = "-Onone";
			};
			name = Debug;
		};
		319E32AF26AB8762005C0920 /* Release */ = {
			isa = XCBuildConfiguration;
			buildSettings = {
				ALWAYS_SEARCH_USER_PATHS = NO;
				CLANG_ANALYZER_NONNULL = YES;
				CLANG_ANALYZER_NUMBER_OBJECT_CONVERSION = YES_AGGRESSIVE;
				CLANG_CXX_LANGUAGE_STANDARD = "gnu++14";
				CLANG_CXX_LIBRARY = "libc++";
				CLANG_ENABLE_MODULES = YES;
				CLANG_ENABLE_OBJC_ARC = YES;
				CLANG_ENABLE_OBJC_WEAK = YES;
				CLANG_WARN_BLOCK_CAPTURE_AUTORELEASING = YES;
				CLANG_WARN_BOOL_CONVERSION = YES;
				CLANG_WARN_COMMA = YES;
				CLANG_WARN_CONSTANT_CONVERSION = YES;
				CLANG_WARN_DEPRECATED_OBJC_IMPLEMENTATIONS = YES;
				CLANG_WARN_DIRECT_OBJC_ISA_USAGE = YES_ERROR;
				CLANG_WARN_DOCUMENTATION_COMMENTS = YES;
				CLANG_WARN_EMPTY_BODY = YES;
				CLANG_WARN_ENUM_CONVERSION = YES;
				CLANG_WARN_INFINITE_RECURSION = YES;
				CLANG_WARN_INT_CONVERSION = YES;
				CLANG_WARN_NON_LITERAL_NULL_CONVERSION = YES;
				CLANG_WARN_OBJC_IMPLICIT_RETAIN_SELF = YES;
				CLANG_WARN_OBJC_LITERAL_CONVERSION = YES;
				CLANG_WARN_OBJC_ROOT_CLASS = YES_ERROR;
				CLANG_WARN_QUOTED_INCLUDE_IN_FRAMEWORK_HEADER = YES;
				CLANG_WARN_RANGE_LOOP_ANALYSIS = YES;
				CLANG_WARN_STRICT_PROTOTYPES = YES;
				CLANG_WARN_SUSPICIOUS_MOVE = YES;
				CLANG_WARN_UNGUARDED_AVAILABILITY = YES_AGGRESSIVE;
				CLANG_WARN_UNREACHABLE_CODE = YES;
				CLANG_WARN__DUPLICATE_METHOD_MATCH = YES;
				COPY_PHASE_STRIP = NO;
				DEAD_CODE_STRIPPING = NO;
				DEBUG_INFORMATION_FORMAT = "dwarf-with-dsym";
				ENABLE_NS_ASSERTIONS = NO;
				ENABLE_STRICT_OBJC_MSGSEND = YES;
				GCC_C_LANGUAGE_STANDARD = gnu11;
				GCC_NO_COMMON_BLOCKS = YES;
				GCC_WARN_64_TO_32_BIT_CONVERSION = YES;
				GCC_WARN_ABOUT_RETURN_TYPE = YES_ERROR;
				GCC_WARN_UNDECLARED_SELECTOR = YES;
				GCC_WARN_UNINITIALIZED_AUTOS = YES_AGGRESSIVE;
				GCC_WARN_UNUSED_FUNCTION = YES;
				GCC_WARN_UNUSED_VARIABLE = YES;
				IPHONEOS_DEPLOYMENT_TARGET = 14.5;
				MTL_ENABLE_DEBUG_INFO = NO;
				MTL_FAST_MATH = YES;
				SDKROOT = iphoneos;
				SWIFT_COMPILATION_MODE = wholemodule;
				SWIFT_OPTIMIZATION_LEVEL = "-O";
				VALIDATE_PRODUCT = YES;
			};
			name = Release;
		};
		319E32B126AB8762005C0920 /* Debug */ = {
			isa = XCBuildConfiguration;
			buildSettings = {
				ASSETCATALOG_COMPILER_APPICON_NAME = AppIcon;
				ASSETCATALOG_COMPILER_GLOBAL_ACCENT_COLOR_NAME = AccentColor;
				CODE_SIGN_STYLE = Automatic;
				DEVELOPMENT_ASSET_PATHS = "\"Compounded/Preview Content\"";
				DEVELOPMENT_TEAM = 6ADLC37UA5;
				ENABLE_PREVIEWS = YES;
				INFOPLIST_FILE = Compounded/Info.plist;
				IPHONEOS_DEPLOYMENT_TARGET = 14.0;
				LD_RUNPATH_SEARCH_PATHS = (
					"$(inherited)",
					"@executable_path/Frameworks",
				);
				MARKETING_VERSION = 1.2.1;
				PRODUCT_BUNDLE_IDENTIFIER = com.LulwahAlmisfer.Compounded;
				PRODUCT_NAME = "$(TARGET_NAME)";
				SWIFT_VERSION = 5.0;
				TARGETED_DEVICE_FAMILY = 1;
			};
			name = Debug;
		};
		319E32B226AB8762005C0920 /* Release */ = {
			isa = XCBuildConfiguration;
			buildSettings = {
				ASSETCATALOG_COMPILER_APPICON_NAME = AppIcon;
				ASSETCATALOG_COMPILER_GLOBAL_ACCENT_COLOR_NAME = AccentColor;
				CODE_SIGN_STYLE = Automatic;
				DEVELOPMENT_ASSET_PATHS = "\"Compounded/Preview Content\"";
				DEVELOPMENT_TEAM = 6ADLC37UA5;
				ENABLE_PREVIEWS = YES;
				INFOPLIST_FILE = Compounded/Info.plist;
				IPHONEOS_DEPLOYMENT_TARGET = 14.0;
				LD_RUNPATH_SEARCH_PATHS = (
					"$(inherited)",
					"@executable_path/Frameworks",
				);
				MARKETING_VERSION = 1.2.1;
				PRODUCT_BUNDLE_IDENTIFIER = com.LulwahAlmisfer.Compounded;
				PRODUCT_NAME = "$(TARGET_NAME)";
				SWIFT_VERSION = 5.0;
				TARGETED_DEVICE_FAMILY = 1;
			};
			name = Release;
		};
/* End XCBuildConfiguration section */

/* Begin XCConfigurationList section */
		319E329C26AB8760005C0920 /* Build configuration list for PBXProject "Compounded" */ = {
			isa = XCConfigurationList;
			buildConfigurations = (
				319E32AE26AB8762005C0920 /* Debug */,
				319E32AF26AB8762005C0920 /* Release */,
			);
			defaultConfigurationIsVisible = 0;
			defaultConfigurationName = Release;
		};
		319E32B026AB8762005C0920 /* Build configuration list for PBXNativeTarget "Compounded" */ = {
			isa = XCConfigurationList;
			buildConfigurations = (
				319E32B126AB8762005C0920 /* Debug */,
				319E32B226AB8762005C0920 /* Release */,
			);
			defaultConfigurationIsVisible = 0;
			defaultConfigurationName = Release;
		};
/* End XCConfigurationList section */

/* Begin XCRemoteSwiftPackageReference section */
		31B7752D26DBFED200DC41CF /* XCRemoteSwiftPackageReference "lottie-ios" */ = {
			isa = XCRemoteSwiftPackageReference;
			repositoryURL = "https://github.com/airbnb/lottie-ios.git";
			requirement = {
				kind = upToNextMajorVersion;
				minimumVersion = 3.2.3;
			};
		};
/* End XCRemoteSwiftPackageReference section */

/* Begin XCSwiftPackageProductDependency section */
		31B7752E26DBFED200DC41CF /* Lottie */ = {
			isa = XCSwiftPackageProductDependency;
			package = 31B7752D26DBFED200DC41CF /* XCRemoteSwiftPackageReference "lottie-ios" */;
			productName = Lottie;
		};
/* End XCSwiftPackageProductDependency section */
	};
	rootObject = 319E329926AB8760005C0920 /* Project object */;
}
